
Microsoft Visual Studio Solution File, Format Version 12.00
# Visual Studio Version 16
VisualStudioVersion = 16.6.30114.105
MinimumVisualStudioVersion = 10.0.40219.1
Project("{FAE04EC0-301F-11D3-BF4B-00C04F79EFBC}") = "API", "API\API.csproj", "{193E2D55-D22F-4390-A8C3-B27BD7F23A20}"
EndProject
Project("{FAE04EC0-301F-11D3-BF4B-00C04F79EFBC}") = "Core", "Core\Core.csproj", "{FA76C3B5-DFF8-483F-A570-9173EE936F66}"
EndProject
Project("{FAE04EC0-301F-11D3-BF4B-00C04F79EFBC}") = "Infrastructure", "Infrastructure\Infrastructure.csproj", "{C5FE8FBA-F9CB-4B14-BADF-72D1F6BE8F06}"
EndProject
Global
	GlobalSection(SolutionConfigurationPlatforms) = preSolution
		Debug|Any CPU = Debug|Any CPU
		Debug|x64 = Debug|x64
		Debug|x86 = Debug|x86
		Release|Any CPU = Release|Any CPU
		Release|x64 = Release|x64
		Release|x86 = Release|x86
	EndGlobalSection
	GlobalSection(SolutionProperties) = preSolution
		HideSolutionNode = FALSE
	EndGlobalSection
	GlobalSection(ProjectConfigurationPlatforms) = postSolution
		{193E2D55-D22F-4390-A8C3-B27BD7F23A20}.Debug|Any CPU.ActiveCfg = Debug|Any CPU
		{193E2D55-D22F-4390-A8C3-B27BD7F23A20}.Debug|Any CPU.Build.0 = Debug|Any CPU
		{193E2D55-D22F-4390-A8C3-B27BD7F23A20}.Debug|x64.ActiveCfg = Debug|Any CPU
		{193E2D55-D22F-4390-A8C3-B27BD7F23A20}.Debug|x64.Build.0 = Debug|Any CPU
		{193E2D55-D22F-4390-A8C3-B27BD7F23A20}.Debug|x86.ActiveCfg = Debug|Any CPU
		{193E2D55-D22F-4390-A8C3-B27BD7F23A20}.Debug|x86.Build.0 = Debug|Any CPU
		{193E2D55-D22F-4390-A8C3-B27BD7F23A20}.Release|Any CPU.ActiveCfg = Release|Any CPU
		{193E2D55-D22F-4390-A8C3-B27BD7F23A20}.Release|Any CPU.Build.0 = Release|Any CPU
		{193E2D55-D22F-4390-A8C3-B27BD7F23A20}.Release|x64.ActiveCfg = Release|Any CPU
		{193E2D55-D22F-4390-A8C3-B27BD7F23A20}.Release|x64.Build.0 = Release|Any CPU
		{193E2D55-D22F-4390-A8C3-B27BD7F23A20}.Release|x86.ActiveCfg = Release|Any CPU
		{193E2D55-D22F-4390-A8C3-B27BD7F23A20}.Release|x86.Build.0 = Release|Any CPU
		{FA76C3B5-DFF8-483F-A570-9173EE936F66}.Debug|Any CPU.ActiveCfg = Debug|Any CPU
		{FA76C3B5-DFF8-483F-A570-9173EE936F66}.Debug|Any CPU.Build.0 = Debug|Any CPU
		{FA76C3B5-DFF8-483F-A570-9173EE936F66}.Debug|x64.ActiveCfg = Debug|Any CPU
		{FA76C3B5-DFF8-483F-A570-9173EE936F66}.Debug|x64.Build.0 = Debug|Any CPU
		{FA76C3B5-DFF8-483F-A570-9173EE936F66}.Debug|x86.ActiveCfg = Debug|Any CPU
		{FA76C3B5-DFF8-483F-A570-9173EE936F66}.Debug|x86.Build.0 = Debug|Any CPU
		{FA76C3B5-DFF8-483F-A570-9173EE936F66}.Release|Any CPU.ActiveCfg = Release|Any CPU
		{FA76C3B5-DFF8-483F-A570-9173EE936F66}.Release|Any CPU.Build.0 = Release|Any CPU
		{FA76C3B5-DFF8-483F-A570-9173EE936F66}.Release|x64.ActiveCfg = Release|Any CPU
		{FA76C3B5-DFF8-483F-A570-9173EE936F66}.Release|x64.Build.0 = Release|Any CPU
		{FA76C3B5-DFF8-483F-A570-9173EE936F66}.Release|x86.ActiveCfg = Release|Any CPU
		{FA76C3B5-DFF8-483F-A570-9173EE936F66}.Release|x86.Build.0 = Release|Any CPU
		{C5FE8FBA-F9CB-4B14-BADF-72D1F6BE8F06}.Debug|Any CPU.ActiveCfg = Debug|Any CPU
		{C5FE8FBA-F9CB-4B14-BADF-72D1F6BE8F06}.Debug|Any CPU.Build.0 = Debug|Any CPU
		{C5FE8FBA-F9CB-4B14-BADF-72D1F6BE8F06}.Debug|x64.ActiveCfg = Debug|Any CPU
		{C5FE8FBA-F9CB-4B14-BADF-72D1F6BE8F06}.Debug|x64.Build.0 = Debug|Any CPU
		{C5FE8FBA-F9CB-4B14-BADF-72D1F6BE8F06}.Debug|x86.ActiveCfg = Debug|Any CPU
		{C5FE8FBA-F9CB-4B14-BADF-72D1F6BE8F06}.Debug|x86.Build.0 = Debug|Any CPU
		{C5FE8FBA-F9CB-4B14-BADF-72D1F6BE8F06}.Release|Any CPU.ActiveCfg = Release|Any CPU
		{C5FE8FBA-F9CB-4B14-BADF-72D1F6BE8F06}.Release|Any CPU.Build.0 = Release|Any CPU
		{C5FE8FBA-F9CB-4B14-BADF-72D1F6BE8F06}.Release|x64.ActiveCfg = Release|Any CPU
		{C5FE8FBA-F9CB-4B14-BADF-72D1F6BE8F06}.Release|x64.Build.0 = Release|Any CPU
		{C5FE8FBA-F9CB-4B14-BADF-72D1F6BE8F06}.Release|x86.ActiveCfg = Release|Any CPU
		{C5FE8FBA-F9CB-4B14-BADF-72D1F6BE8F06}.Release|x86.Build.0 = Release|Any CPU
	EndGlobalSection
EndGlobal
